
Microsoft Visual Studio Solution File, Format Version 12.00
# Visual Studio Version 17
VisualStudioVersion = 17.3.32929.385
MinimumVisualStudioVersion = 10.0.40219.1
Project("{9A19103F-16F7-4668-BE54-9A1E7A4F7556}") = "Text adventure Script Interpreter", "Text adventure Script Interpreter.csproj", "{CA2DFD99-F74F-49B9-B4D9-1CB4D4E2C980}"
EndProject
Global
	GlobalSection(SolutionConfigurationPlatforms) = preSolution
		Debug|Any CPU = Debug|Any CPU
		Release|Any CPU = Release|Any CPU
	EndGlobalSection
	GlobalSection(ProjectConfigurationPlatforms) = postSolution
		{CA2DFD99-F74F-49B9-B4D9-1CB4D4E2C980}.Debug|Any CPU.ActiveCfg = Debug|Any CPU
		{CA2DFD99-F74F-49B9-B4D9-1CB4D4E2C980}.Debug|Any CPU.Build.0 = Debug|Any CPU
		{CA2DFD99-F74F-49B9-B4D9-1CB4D4E2C980}.Release|Any CPU.ActiveCfg = Release|Any CPU
		{CA2DFD99-F74F-49B9-B4D9-1CB4D4E2C980}.Release|Any CPU.Build.0 = Release|Any CPU
	EndGlobalSection
	GlobalSection(SolutionProperties) = preSolution
		HideSolutionNode = FALSE
	EndGlobalSection
	GlobalSection(ExtensibilityGlobals) = postSolution
		SolutionGuid = {0C5BFE07-A82E-4665-8E45-8486D87000CA}
	EndGlobalSection
EndGlobal
